
Microsoft Visual Studio Solution File, Format Version 12.00
# Visual Studio 16
Project("{8BC9CEB8-8B4A-11D0-8D11-00A0C91BC942}") = "PlutusEngine", "PlutusEngine\PlutusEngine.vcxproj", "{684B78C0-54AE-0765-FD33-401BE975D3E7}"
EndProject
Project("{8BC9CEB8-8B4A-11D0-8D11-00A0C91BC942}") = "TestingGround", "TestingGround\TestingGround.vcxproj", "{12CA8B77-7E8A-07AE-47C5-502BB3444C8A}"
EndProject
Project("{8BC9CEB8-8B4A-11D0-8D11-00A0C91BC942}") = "ZombieGame", "ZombieGame\ZombieGame.vcxproj", "{E5B8662F-D170-A87C-3A78-81D8264F436D}"
EndProject
Global
	GlobalSection(SolutionConfigurationPlatforms) = preSolution
		Debug|x64 = Debug|x64
		Dist|x64 = Dist|x64
		Release|x64 = Release|x64
	EndGlobalSection
	GlobalSection(ProjectConfigurationPlatforms) = postSolution
		{684B78C0-54AE-0765-FD33-401BE975D3E7}.Debug|x64.ActiveCfg = Debug|x64
		{684B78C0-54AE-0765-FD33-401BE975D3E7}.Debug|x64.Build.0 = Debug|x64
		{684B78C0-54AE-0765-FD33-401BE975D3E7}.Dist|x64.ActiveCfg = Dist|x64
		{684B78C0-54AE-0765-FD33-401BE975D3E7}.Dist|x64.Build.0 = Dist|x64
		{684B78C0-54AE-0765-FD33-401BE975D3E7}.Release|x64.ActiveCfg = Release|x64
		{684B78C0-54AE-0765-FD33-401BE975D3E7}.Release|x64.Build.0 = Release|x64
		{12CA8B77-7E8A-07AE-47C5-502BB3444C8A}.Debug|x64.ActiveCfg = Debug|x64
		{12CA8B77-7E8A-07AE-47C5-502BB3444C8A}.Debug|x64.Build.0 = Debug|x64
		{12CA8B77-7E8A-07AE-47C5-502BB3444C8A}.Dist|x64.ActiveCfg = Dist|x64
		{12CA8B77-7E8A-07AE-47C5-502BB3444C8A}.Dist|x64.Build.0 = Dist|x64
		{12CA8B77-7E8A-07AE-47C5-502BB3444C8A}.Release|x64.ActiveCfg = Release|x64
		{12CA8B77-7E8A-07AE-47C5-502BB3444C8A}.Release|x64.Build.0 = Release|x64
		{E5B8662F-D170-A87C-3A78-81D8264F436D}.Debug|x64.ActiveCfg = Debug|x64
		{E5B8662F-D170-A87C-3A78-81D8264F436D}.Debug|x64.Build.0 = Debug|x64
		{E5B8662F-D170-A87C-3A78-81D8264F436D}.Dist|x64.ActiveCfg = Dist|x64
		{E5B8662F-D170-A87C-3A78-81D8264F436D}.Dist|x64.Build.0 = Dist|x64
		{E5B8662F-D170-A87C-3A78-81D8264F436D}.Release|x64.ActiveCfg = Release|x64
		{E5B8662F-D170-A87C-3A78-81D8264F436D}.Release|x64.Build.0 = Release|x64
	EndGlobalSection
	GlobalSection(SolutionProperties) = preSolution
		HideSolutionNode = FALSE
	EndGlobalSection
EndGlobal
